PODS:
  - ChameleonFramework (2.1.0):
    - ChameleonFramework/Default (= 2.1.0)
  - ChameleonFramework/Default (2.1.0)
  - Realm (3.5.0):
    - Realm/Headers (= 3.5.0)
  - Realm/Headers (3.5.0)
  - RealmSwift (3.5.0):
    - Realm (= 3.5.0)
  - SwipeCellKit (2.3.1)

DEPENDENCIES:
  - ChameleonFramework
  - RealmSwift
  - SwipeCellKit

SPEC REPOS:
  https://github.com/cocoapods/specs.git:
    - ChameleonFramework
    - Realm
    - RealmSwift
    - SwipeCellKit

SPEC CHECKSUMS:
  ChameleonFramework: d21a3cc247abfe5e37609a283a8238b03575cf64
  Realm: 0378021c424e4e2bd6a0e63b27881e929d9b9ad1
  RealmSwift: 3322562622fda2ad596985ead4d8d8be30cf838c
  SwipeCellKit: f7a3e76611704fa1404f83f98a842ed90c52d8df

PODFILE CHECKSUM: baf04a6e984f9f695baf90c11a6f0478f33b8554

COCOAPODS: 1.5.2
